
Microsoft Visual Studio Solution File, Format Version 12.00
Project("{FAE04EC0-301F-11D3-BF4B-00C04F79EFBC}") = "Task1", "Task1\Task1.csproj", "{0426C913-50AF-4DE8-949D-44DA58D6F712}"
EndProject
Project("{FAE04EC0-301F-11D3-BF4B-00C04F79EFBC}") = "Task2", "Task2\Task2.csproj", "{5C48883D-A356-4CB5-BBB1-784870912EFF}"
EndProject
Project("{FAE04EC0-301F-11D3-BF4B-00C04F79EFBC}") = "Task3", "Task3\Task3.csproj", "{1991C73E-F473-4139-9640-AE11450DC102}"
EndProject
Project("{FAE04EC0-301F-11D3-BF4B-00C04F79EFBC}") = "Task4", "Task4\Task4.csproj", "{0F0A2D8F-4CBF-4D29-AE80-FBB34D174013}"
EndProject
Project("{FAE04EC0-301F-11D3-BF4B-00C04F79EFBC}") = "Task5", "Task5\Task5.csproj", "{AB95DB23-BAF4-4B44-A76D-A5328A52AC49}"
EndProject
Project("{FAE04EC0-301F-11D3-BF4B-00C04F79EFBC}") = "Task6", "Task6\Task6.csproj", "{8D5EFE57-19D6-4413-85C4-F2D89EA041A0}"
EndProject
Global
	GlobalSection(SolutionConfigurationPlatforms) = preSolution
		Debug|Any CPU = Debug|Any CPU
		Release|Any CPU = Release|Any CPU
	EndGlobalSection
	GlobalSection(ProjectConfigurationPlatforms) = postSolution
		{0426C913-50AF-4DE8-949D-44DA58D6F712}.Debug|Any CPU.ActiveCfg = Debug|Any CPU
		{0426C913-50AF-4DE8-949D-44DA58D6F712}.Debug|Any CPU.Build.0 = Debug|Any CPU
		{0426C913-50AF-4DE8-949D-44DA58D6F712}.Release|Any CPU.ActiveCfg = Release|Any CPU
		{0426C913-50AF-4DE8-949D-44DA58D6F712}.Release|Any CPU.Build.0 = Release|Any CPU
		{5C48883D-A356-4CB5-BBB1-784870912EFF}.Debug|Any CPU.ActiveCfg = Debug|Any CPU
		{5C48883D-A356-4CB5-BBB1-784870912EFF}.Debug|Any CPU.Build.0 = Debug|Any CPU
		{5C48883D-A356-4CB5-BBB1-784870912EFF}.Release|Any CPU.ActiveCfg = Release|Any CPU
		{5C48883D-A356-4CB5-BBB1-784870912EFF}.Release|Any CPU.Build.0 = Release|Any CPU
		{1991C73E-F473-4139-9640-AE11450DC102}.Debug|Any CPU.ActiveCfg = Debug|Any CPU
		{1991C73E-F473-4139-9640-AE11450DC102}.Debug|Any CPU.Build.0 = Debug|Any CPU
		{1991C73E-F473-4139-9640-AE11450DC102}.Release|Any CPU.ActiveCfg = Release|Any CPU
		{1991C73E-F473-4139-9640-AE11450DC102}.Release|Any CPU.Build.0 = Release|Any CPU
		{0F0A2D8F-4CBF-4D29-AE80-FBB34D174013}.Debug|Any CPU.ActiveCfg = Debug|Any CPU
		{0F0A2D8F-4CBF-4D29-AE80-FBB34D174013}.Debug|Any CPU.Build.0 = Debug|Any CPU
		{0F0A2D8F-4CBF-4D29-AE80-FBB34D174013}.Release|Any CPU.ActiveCfg = Release|Any CPU
		{0F0A2D8F-4CBF-4D29-AE80-FBB34D174013}.Release|Any CPU.Build.0 = Release|Any CPU
		{AB95DB23-BAF4-4B44-A76D-A5328A52AC49}.Debug|Any CPU.ActiveCfg = Debug|Any CPU
		{AB95DB23-BAF4-4B44-A76D-A5328A52AC49}.Debug|Any CPU.Build.0 = Debug|Any CPU
		{AB95DB23-BAF4-4B44-A76D-A5328A52AC49}.Release|Any CPU.ActiveCfg = Release|Any CPU
		{AB95DB23-BAF4-4B44-A76D-A5328A52AC49}.Release|Any CPU.Build.0 = Release|Any CPU
		{8D5EFE57-19D6-4413-85C4-F2D89EA041A0}.Debug|Any CPU.ActiveCfg = Debug|Any CPU
		{8D5EFE57-19D6-4413-85C4-F2D89EA041A0}.Debug|Any CPU.Build.0 = Debug|Any CPU
		{8D5EFE57-19D6-4413-85C4-F2D89EA041A0}.Release|Any CPU.ActiveCfg = Release|Any CPU
		{8D5EFE57-19D6-4413-85C4-F2D89EA041A0}.Release|Any CPU.Build.0 = Release|Any CPU
	EndGlobalSection
EndGlobal
